
Microsoft Visual Studio Solution File, Format Version 12.00
# Visual Studio 15
VisualStudioVersion = 15.0.28307.136
MinimumVisualStudioVersion = 10.0.40219.1
Project("{FAE04EC0-301F-11D3-BF4B-00C04F79EFBC}") = "WindowsFormsSample1", "WindowsFormsSample1\WindowsFormsSample1.csproj", "{BA2F9C17-1DC1-44B8-B5E5-3C0F56AF3D6A}"
EndProject
Global
	GlobalSection(SolutionConfigurationPlatforms) = preSolution
		Debug|Any CPU = Debug|Any CPU
		Release|Any CPU = Release|Any CPU
	EndGlobalSection
	GlobalSection(ProjectConfigurationPlatforms) = postSolution
		{BA2F9C17-1DC1-44B8-B5E5-3C0F56AF3D6A}.Debug|Any CPU.ActiveCfg = Debug|Any CPU
		{BA2F9C17-1DC1-44B8-B5E5-3C0F56AF3D6A}.Debug|Any CPU.Build.0 = Debug|Any CPU
		{BA2F9C17-1DC1-44B8-B5E5-3C0F56AF3D6A}.Release|Any CPU.ActiveCfg = Release|Any CPU
		{BA2F9C17-1DC1-44B8-B5E5-3C0F56AF3D6A}.Release|Any CPU.Build.0 = Release|Any CPU
	EndGlobalSection
	GlobalSection(SolutionProperties) = preSolution
		HideSolutionNode = FALSE
	EndGlobalSection
	GlobalSection(ExtensibilityGlobals) = postSolution
		SolutionGuid = {C600D805-1456-4B9A-9E32-2FCE76362C2E}
	EndGlobalSection
EndGlobal
